// !$*UTF8*$!
{
	archiveVersion = 1;
	classes = {
	};
	objectVersion = 56;
	objects = {

/* Begin PBXBuildFile section */
		D902F15B2A325D6D00A44446 /* TemporalScore.swift in Sources */ = {isa = PBXBuildFile; fileRef = D902F15A2A325D6D00A44446 /* TemporalScore.swift */; };
		D902F15D2A32603C00A44446 /* EnvironmentalScore.swift in Sources */ = {isa = PBXBuildFile; fileRef = D902F15C2A32603C00A44446 /* EnvironmentalScore.swift */; };
		D94FBF262A2BAE6400347016 /* ScorePickerView.swift in Sources */ = {isa = PBXBuildFile; fileRef = D94FBF252A2BAE6400347016 /* ScorePickerView.swift */; };
		D94FBF282A2BBB7400347016 /* BaseScore.swift in Sources */ = {isa = PBXBuildFile; fileRef = D94FBF272A2BBB7400347016 /* BaseScore.swift */; };
		D94FBF3E2A2BCB5700347016 /* TemporalScoreView.swift in Sources */ = {isa = PBXBuildFile; fileRef = D94FBF3D2A2BCB5700347016 /* TemporalScoreView.swift */; };
		D94FBF402A2BCB8000347016 /* BaseScoreView.swift in Sources */ = {isa = PBXBuildFile; fileRef = D94FBF3F2A2BCB8000347016 /* BaseScoreView.swift */; };
		D94FBF422A2BCBCA00347016 /* EnvironmentalScoreView.swift in Sources */ = {isa = PBXBuildFile; fileRef = D94FBF412A2BCBCA00347016 /* EnvironmentalScoreView.swift */; };
		D9546A8A2A228C0400105E7D /* PontuadorVulnerabilidadesApp.swift in Sources */ = {isa = PBXBuildFile; fileRef = D9546A892A228C0400105E7D /* PontuadorVulnerabilidadesApp.swift */; };
		D9546A8C2A228C0400105E7D /* MainView.swift in Sources */ = {isa = PBXBuildFile; fileRef = D9546A8B2A228C0400105E7D /* MainView.swift */; };
		D9546A8E2A228C0500105E7D /* Assets.xcassets in Resources */ = {isa = PBXBuildFile; fileRef = D9546A8D2A228C0500105E7D /* Assets.xcassets */; };
		D9546A912A228C0500105E7D /* Preview Assets.xcassets in Resources */ = {isa = PBXBuildFile; fileRef = D9546A902A228C0500105E7D /* Preview Assets.xcassets */; };
		D9546A9C2A228C0500105E7D /* PontuadorVulnerabilidadesTests.swift in Sources */ = {isa = PBXBuildFile; fileRef = D9546A9B2A228C0500105E7D /* PontuadorVulnerabilidadesTests.swift */; };
		D9546AA62A228C0500105E7D /* PontuadorVulnerabilidadesUITests.swift in Sources */ = {isa = PBXBuildFile; fileRef = D9546AA52A228C0500105E7D /* PontuadorVulnerabilidadesUITests.swift */; };
		D9546AA82A228C0500105E7D /* PontuadorVulnerabilidadesUITestsLaunchTests.swift in Sources */ = {isa = PBXBuildFile; fileRef = D9546AA72A228C0500105E7D /* PontuadorVulnerabilidadesUITestsLaunchTests.swift */; };
		D9546AB82A228D7A00105E7D /* Networking.swift in Sources */ = {isa = PBXBuildFile; fileRef = D9546AB72A228D7A00105E7D /* Networking.swift */; };
		D99CC71B2A37DB6A00B21144 /* CVEResponse.swift in Sources */ = {isa = PBXBuildFile; fileRef = D99CC71A2A37DB6A00B21144 /* CVEResponse.swift */; };
		D9A7AAB22A2B70160039012E /* CVEInfoView.swift in Sources */ = {isa = PBXBuildFile; fileRef = D9A7AAB12A2B70160039012E /* CVEInfoView.swift */; };
		D9A7AAB42A2B74C40039012E /* CalculatorView.swift in Sources */ = {isa = PBXBuildFile; fileRef = D9A7AAB32A2B74C40039012E /* CalculatorView.swift */; };
		D9B1DA3E2A38F5DE00CA6522 /* ProcessingView.swift in Sources */ = {isa = PBXBuildFile; fileRef = D9B1DA3D2A38F5DE00CA6522 /* ProcessingView.swift */; };
		D9B1DA402A3913D300CA6522 /* StackedDataView.swift in Sources */ = {isa = PBXBuildFile; fileRef = D9B1DA3F2A3913D300CA6522 /* StackedDataView.swift */; };
		D9B1DA432A39157000CA6522 /* String+Extensions.swift in Sources */ = {isa = PBXBuildFile; fileRef = D9B1DA422A39157000CA6522 /* String+Extensions.swift */; };
		D9B1DA452A39469300CA6522 /* CalculatorViewModel.swift in Sources */ = {isa = PBXBuildFile; fileRef = D9B1DA442A39469300CA6522 /* CalculatorViewModel.swift */; };
		D9B1DA472A39EFAD00CA6522 /* SettingsView.swift in Sources */ = {isa = PBXBuildFile; fileRef = D9B1DA462A39EFAD00CA6522 /* SettingsView.swift */; };
		D9B1DA4A2A39F58B00CA6522 /* KeychainHelper.swift in Sources */ = {isa = PBXBuildFile; fileRef = D9B1DA492A39F58B00CA6522 /* KeychainHelper.swift */; };
		D9B1DA4C2A39F7D100CA6522 /* Strings.swift in Sources */ = {isa = PBXBuildFile; fileRef = D9B1DA4B2A39F7D100CA6522 /* Strings.swift */; };
		D9E56DFC2A3B42A0002911F7 /* CPEView.swift in Sources */ = {isa = PBXBuildFile; fileRef = D9E56DFB2A3B42A0002911F7 /* CPEView.swift */; };
		D9EF91682A2FF501007982F6 /* CVSSAPIRequest.swift in Sources */ = {isa = PBXBuildFile; fileRef = D9EF91672A2FF501007982F6 /* CVSSAPIRequest.swift */; };
		D9EF916A2A2FF88E007982F6 /* CVSSAPIResponse.swift in Sources */ = {isa = PBXBuildFile; fileRef = D9EF91692A2FF88E007982F6 /* CVSSAPIResponse.swift */; };
/* End PBXBuildFile section */

/* Begin PBXContainerItemProxy section */
		D9546A982A228C0500105E7D /* PBXContainerItemProxy */ = {
			isa = PBXContainerItemProxy;
			containerPortal = D9546A7E2A228C0400105E7D /* Project object */;
			proxyType = 1;
			remoteGlobalIDString = D9546A852A228C0400105E7D;
			remoteInfo = PontuadorVulnerabilidades;
		};
		D9546AA22A228C0500105E7D /* PBXContainerItemProxy */ = {
			isa = PBXContainerItemProxy;
			containerPortal = D9546A7E2A228C0400105E7D /* Project object */;
			proxyType = 1;
			remoteGlobalIDString = D9546A852A228C0400105E7D;
			remoteInfo = PontuadorVulnerabilidades;
		};
/* End PBXContainerItemProxy section */

/* Begin PBXFileReference section */
		D902F15A2A325D6D00A44446 /* TemporalScore.swift */ = {isa = PBXFileReference; lastKnownFileType = sourcecode.swift; path = TemporalScore.swift; sourceTree = "<group>"; };
		D902F15C2A32603C00A44446 /* EnvironmentalScore.swift */ = {isa = PBXFileReference; lastKnownFileType = sourcecode.swift; path = EnvironmentalScore.swift; sourceTree = "<group>"; };
		D94FBF252A2BAE6400347016 /* ScorePickerView.swift */ = {isa = PBXFileReference; lastKnownFileType = sourcecode.swift; path = ScorePickerView.swift; sourceTree = "<group>"; };
		D94FBF272A2BBB7400347016 /* BaseScore.swift */ = {isa = PBXFileReference; lastKnownFileType = sourcecode.swift; path = BaseScore.swift; sourceTree = "<group>"; };
		D94FBF3D2A2BCB5700347016 /* TemporalScoreView.swift */ = {isa = PBXFileReference; lastKnownFileType = sourcecode.swift; path = TemporalScoreView.swift; sourceTree = "<group>"; };
		D94FBF3F2A2BCB8000347016 /* BaseScoreView.swift */ = {isa = PBXFileReference; lastKnownFileType = sourcecode.swift; path = BaseScoreView.swift; sourceTree = "<group>"; };
		D94FBF412A2BCBCA00347016 /* EnvironmentalScoreView.swift */ = {isa = PBXFileReference; lastKnownFileType = sourcecode.swift; path = EnvironmentalScoreView.swift; sourceTree = "<group>"; };
		D9546A862A228C0400105E7D /* Pontuador de Vulnerabilidades.app */ = {isa = PBXFileReference; explicitFileType = wrapper.application; includeInIndex = 0; path = "Pontuador de Vulnerabilidades.app"; sourceTree = BUILT_PRODUCTS_DIR; };
		D9546A892A228C0400105E7D /* PontuadorVulnerabilidadesApp.swift */ = {isa = PBXFileReference; lastKnownFileType = sourcecode.swift; path = PontuadorVulnerabilidadesApp.swift; sourceTree = "<group>"; };
		D9546A8B2A228C0400105E7D /* MainView.swift */ = {isa = PBXFileReference; lastKnownFileType = sourcecode.swift; path = MainView.swift; sourceTree = "<group>"; };
		D9546A8D2A228C0500105E7D /* Assets.xcassets */ = {isa = PBXFileReference; lastKnownFileType = folder.assetcatalog; path = Assets.xcassets; sourceTree = "<group>"; };
		D9546A902A228C0500105E7D /* Preview Assets.xcassets */ = {isa = PBXFileReference; lastKnownFileType = folder.assetcatalog; path = "Preview Assets.xcassets"; sourceTree = "<group>"; };
		D9546A922A228C0500105E7D /* PontuadorVulnerabilidades.entitlements */ = {isa = PBXFileReference; lastKnownFileType = text.plist.entitlements; path = PontuadorVulnerabilidades.entitlements; sourceTree = "<group>"; };
		D9546A972A228C0500105E7D /* PontuadorVulnerabilidadesTests.xctest */ = {isa = PBXFileReference; explicitFileType = wrapper.cfbundle; includeInIndex = 0; path = PontuadorVulnerabilidadesTests.xctest; sourceTree = BUILT_PRODUCTS_DIR; };
		D9546A9B2A228C0500105E7D /* PontuadorVulnerabilidadesTests.swift */ = {isa = PBXFileReference; lastKnownFileType = sourcecode.swift; path = PontuadorVulnerabilidadesTests.swift; sourceTree = "<group>"; };
		D9546AA12A228C0500105E7D /* PontuadorVulnerabilidadesUITests.xctest */ = {isa = PBXFileReference; explicitFileType = wrapper.cfbundle; includeInIndex = 0; path = PontuadorVulnerabilidadesUITests.xctest; sourceTree = BUILT_PRODUCTS_DIR; };
		D9546AA52A228C0500105E7D /* PontuadorVulnerabilidadesUITests.swift */ = {isa = PBXFileReference; lastKnownFileType = sourcecode.swift; path = PontuadorVulnerabilidadesUITests.swift; sourceTree = "<group>"; };
		D9546AA72A228C0500105E7D /* PontuadorVulnerabilidadesUITestsLaunchTests.swift */ = {isa = PBXFileReference; lastKnownFileType = sourcecode.swift; path = PontuadorVulnerabilidadesUITestsLaunchTests.swift; sourceTree = "<group>"; };
		D9546AB72A228D7A00105E7D /* Networking.swift */ = {isa = PBXFileReference; lastKnownFileType = sourcecode.swift; path = Networking.swift; sourceTree = "<group>"; };
		D99CC71A2A37DB6A00B21144 /* CVEResponse.swift */ = {isa = PBXFileReference; lastKnownFileType = sourcecode.swift; path = CVEResponse.swift; sourceTree = "<group>"; };
		D9A7AAB12A2B70160039012E /* CVEInfoView.swift */ = {isa = PBXFileReference; lastKnownFileType = sourcecode.swift; path = CVEInfoView.swift; sourceTree = "<group>"; };
		D9A7AAB32A2B74C40039012E /* CalculatorView.swift */ = {isa = PBXFileReference; lastKnownFileType = sourcecode.swift; path = CalculatorView.swift; sourceTree = "<group>"; };
		D9B1DA3D2A38F5DE00CA6522 /* ProcessingView.swift */ = {isa = PBXFileReference; lastKnownFileType = sourcecode.swift; path = ProcessingView.swift; sourceTree = "<group>"; };
		D9B1DA3F2A3913D300CA6522 /* StackedDataView.swift */ = {isa = PBXFileReference; lastKnownFileType = sourcecode.swift; path = StackedDataView.swift; sourceTree = "<group>"; };
		D9B1DA422A39157000CA6522 /* String+Extensions.swift */ = {isa = PBXFileReference; lastKnownFileType = sourcecode.swift; path = "String+Extensions.swift"; sourceTree = "<group>"; };
		D9B1DA442A39469300CA6522 /* CalculatorViewModel.swift */ = {isa = PBXFileReference; lastKnownFileType = sourcecode.swift; path = CalculatorViewModel.swift; sourceTree = "<group>"; };
		D9B1DA462A39EFAD00CA6522 /* SettingsView.swift */ = {isa = PBXFileReference; lastKnownFileType = sourcecode.swift; path = SettingsView.swift; sourceTree = "<group>"; };
		D9B1DA492A39F58B00CA6522 /* KeychainHelper.swift */ = {isa = PBXFileReference; lastKnownFileType = sourcecode.swift; path = KeychainHelper.swift; sourceTree = "<group>"; };
		D9B1DA4B2A39F7D100CA6522 /* Strings.swift */ = {isa = PBXFileReference; lastKnownFileType = sourcecode.swift; path = Strings.swift; sourceTree = "<group>"; };
		D9E0C6B52A33AF42008B340F /* Info.plist */ = {isa = PBXFileReference; lastKnownFileType = text.plist; path = Info.plist; sourceTree = "<group>"; };
		D9E56DFB2A3B42A0002911F7 /* CPEView.swift */ = {isa = PBXFileReference; fileEncoding = 4; lastKnownFileType = sourcecode.swift; path = CPEView.swift; sourceTree = "<group>"; };
		D9EF91672A2FF501007982F6 /* CVSSAPIRequest.swift */ = {isa = PBXFileReference; lastKnownFileType = sourcecode.swift; path = CVSSAPIRequest.swift; sourceTree = "<group>"; };
		D9EF91692A2FF88E007982F6 /* CVSSAPIResponse.swift */ = {isa = PBXFileReference; lastKnownFileType = sourcecode.swift; path = CVSSAPIResponse.swift; sourceTree = "<group>"; };
/* End PBXFileReference section */

/* Begin PBXFrameworksBuildPhase section */
		D9546A832A228C0400105E7D /* Frameworks */ = {
			isa = PBXFrameworksBuildPhase;
			buildActionMask = 2147483647;
			files = (
			);
			runOnlyForDeploymentPostprocessing = 0;
		};
		D9546A942A228C0500105E7D /* Frameworks */ = {
			isa = PBXFrameworksBuildPhase;
			buildActionMask = 2147483647;
			files = (
			);
			runOnlyForDeploymentPostprocessing = 0;
		};
		D9546A9E2A228C0500105E7D /* Frameworks */ = {
			isa = PBXFrameworksBuildPhase;
			buildActionMask = 2147483647;
			files = (
			);
			runOnlyForDeploymentPostprocessing = 0;
		};
/* End PBXFrameworksBuildPhase section */

/* Begin PBXGroup section */
		D94FBF232A2BAE1200347016 /* Calculator */ = {
			isa = PBXGroup;
			children = (
				D9A7AAB32A2B74C40039012E /* CalculatorView.swift */,
				D9B1DA442A39469300CA6522 /* CalculatorViewModel.swift */,
				D94FBF252A2BAE6400347016 /* ScorePickerView.swift */,
				D94FBF3F2A2BCB8000347016 /* BaseScoreView.swift */,
				D94FBF3D2A2BCB5700347016 /* TemporalScoreView.swift */,
				D94FBF412A2BCBCA00347016 /* EnvironmentalScoreView.swift */,
			);
			path = Calculator;
			sourceTree = "<group>";
		};
		D94FBF242A2BAE1600347016 /* Info */ = {
			isa = PBXGroup;
			children = (
				D9A7AAB12A2B70160039012E /* CVEInfoView.swift */,
				D9B1DA3F2A3913D300CA6522 /* StackedDataView.swift */,
				D9E56DFB2A3B42A0002911F7 /* CPEView.swift */,
			);
			path = Info;
			sourceTree = "<group>";
		};
		D9546A7D2A228C0400105E7D = {
			isa = PBXGroup;
			children = (
				D9546A882A228C0400105E7D /* PontuadorVulnerabilidades */,
				D9546A9A2A228C0500105E7D /* PontuadorVulnerabilidadesTests */,
				D9546AA42A228C0500105E7D /* PontuadorVulnerabilidadesUITests */,
				D9546A872A228C0400105E7D /* Products */,
			);
			sourceTree = "<group>";
		};
		D9546A872A228C0400105E7D /* Products */ = {
			isa = PBXGroup;
			children = (
				D9546A862A228C0400105E7D /* Pontuador de Vulnerabilidades.app */,
				D9546A972A228C0500105E7D /* PontuadorVulnerabilidadesTests.xctest */,
				D9546AA12A228C0500105E7D /* PontuadorVulnerabilidadesUITests.xctest */,
			);
			name = Products;
			sourceTree = "<group>";
		};
		D9546A882A228C0400105E7D /* PontuadorVulnerabilidades */ = {
			isa = PBXGroup;
			children = (
				D9E0C6B52A33AF42008B340F /* Info.plist */,
				D9546AB42A228D2800105E7D /* Sources */,
				D9546ABC2A23A01500105E7D /* Resources */,
			);
			path = PontuadorVulnerabilidades;
			sourceTree = "<group>";
		};
		D9546A8F2A228C0500105E7D /* Preview Content */ = {
			isa = PBXGroup;
			children = (
				D9546A902A228C0500105E7D /* Preview Assets.xcassets */,
			);
			path = "Preview Content";
			sourceTree = "<group>";
		};
		D9546A9A2A228C0500105E7D /* PontuadorVulnerabilidadesTests */ = {
			isa = PBXGroup;
			children = (
				D9546A9B2A228C0500105E7D /* PontuadorVulnerabilidadesTests.swift */,
			);
			path = PontuadorVulnerabilidadesTests;
			sourceTree = "<group>";
		};
		D9546AA42A228C0500105E7D /* PontuadorVulnerabilidadesUITests */ = {
			isa = PBXGroup;
			children = (
				D9546AA52A228C0500105E7D /* PontuadorVulnerabilidadesUITests.swift */,
				D9546AA72A228C0500105E7D /* PontuadorVulnerabilidadesUITestsLaunchTests.swift */,
			);
			path = PontuadorVulnerabilidadesUITests;
			sourceTree = "<group>";
		};
		D9546AB42A228D2800105E7D /* Sources */ = {
			isa = PBXGroup;
			children = (
				D9546AB92A228F3400105E7D /* Model */,
				D9546AB52A228D6000105E7D /* Views */,
				D9B1DA412A39155E00CA6522 /* Extensions */,
				D9546AB62A228D6500105E7D /* Networking */,
				D9B1DA482A39F57100CA6522 /* Helpers */,
				D9546ABD2A23A6CE00105E7D /* AppSupport */,
			);
			path = Sources;
			sourceTree = "<group>";
		};
		D9546AB52A228D6000105E7D /* Views */ = {
			isa = PBXGroup;
			children = (
				D9546A8B2A228C0400105E7D /* MainView.swift */,
				D9B1DA462A39EFAD00CA6522 /* SettingsView.swift */,
				D94FBF242A2BAE1600347016 /* Info */,
				D94FBF232A2BAE1200347016 /* Calculator */,
				D9B1DA3C2A38F5CC00CA6522 /* Shared */,
			);
			path = Views;
			sourceTree = "<group>";
		};
		D9546AB62A228D6500105E7D /* Networking */ = {
			isa = PBXGroup;
			children = (
				D9546AB72A228D7A00105E7D /* Networking.swift */,
			);
			path = Networking;
			sourceTree = "<group>";
		};
		D9546AB92A228F3400105E7D /* Model */ = {
			isa = PBXGroup;
			children = (
				D99CC71A2A37DB6A00B21144 /* CVEResponse.swift */,
				D94FBF272A2BBB7400347016 /* BaseScore.swift */,
				D902F15A2A325D6D00A44446 /* TemporalScore.swift */,
				D902F15C2A32603C00A44446 /* EnvironmentalScore.swift */,
				D9EF91672A2FF501007982F6 /* CVSSAPIRequest.swift */,
				D9EF91692A2FF88E007982F6 /* CVSSAPIResponse.swift */,
			);
			path = Model;
			sourceTree = "<group>";
		};
		D9546ABC2A23A01500105E7D /* Resources */ = {
			isa = PBXGroup;
			children = (
				D9546A8D2A228C0500105E7D /* Assets.xcassets */,
			);
			path = Resources;
			sourceTree = "<group>";
		};
		D9546ABD2A23A6CE00105E7D /* AppSupport */ = {
			isa = PBXGroup;
			children = (
				D9546A892A228C0400105E7D /* PontuadorVulnerabilidadesApp.swift */,
				D9546A922A228C0500105E7D /* PontuadorVulnerabilidades.entitlements */,
				D9546A8F2A228C0500105E7D /* Preview Content */,
				D9B1DA4B2A39F7D100CA6522 /* Strings.swift */,
			);
			path = AppSupport;
			sourceTree = "<group>";
		};
		D9B1DA3C2A38F5CC00CA6522 /* Shared */ = {
			isa = PBXGroup;
			children = (
				D9B1DA3D2A38F5DE00CA6522 /* ProcessingView.swift */,
			);
			path = Shared;
			sourceTree = "<group>";
		};
		D9B1DA412A39155E00CA6522 /* Extensions */ = {
			isa = PBXGroup;
			children = (
				D9B1DA422A39157000CA6522 /* String+Extensions.swift */,
			);
			path = Extensions;
			sourceTree = "<group>";
		};
		D9B1DA482A39F57100CA6522 /* Helpers */ = {
			isa = PBXGroup;
			children = (
				D9B1DA492A39F58B00CA6522 /* KeychainHelper.swift */,
			);
			path = Helpers;
			sourceTree = "<group>";
		};
/* End PBXGroup section */

/* Begin PBXNativeTarget section */
		D9546A852A228C0400105E7D /* PontuadorVulnerabilidades */ = {
			isa = PBXNativeTarget;
			buildConfigurationList = D9546AAB2A228C0500105E7D /* Build configuration list for PBXNativeTarget "PontuadorVulnerabilidades" */;
			buildPhases = (
				D9546A822A228C0400105E7D /* Sources */,
				D9546A832A228C0400105E7D /* Frameworks */,
				D9546A842A228C0400105E7D /* Resources */,
			);
			buildRules = (
			);
			dependencies = (
			);
			name = PontuadorVulnerabilidades;
			productName = PontuadorVulnerabilidades;
			productReference = D9546A862A228C0400105E7D /* Pontuador de Vulnerabilidades.app */;
			productType = "com.apple.product-type.application";
		};
		D9546A962A228C0500105E7D /* PontuadorVulnerabilidadesTests */ = {
			isa = PBXNativeTarget;
			buildConfigurationList = D9546AAE2A228C0500105E7D /* Build configuration list for PBXNativeTarget "PontuadorVulnerabilidadesTests" */;
			buildPhases = (
				D9546A932A228C0500105E7D /* Sources */,
				D9546A942A228C0500105E7D /* Frameworks */,
				D9546A952A228C0500105E7D /* Resources */,
			);
			buildRules = (
			);
			dependencies = (
				D9546A992A228C0500105E7D /* PBXTargetDependency */,
			);
			name = PontuadorVulnerabilidadesTests;
			productName = PontuadorVulnerabilidadesTests;
			productReference = D9546A972A228C0500105E7D /* PontuadorVulnerabilidadesTests.xctest */;
			productType = "com.apple.product-type.bundle.unit-test";
		};
		D9546AA02A228C0500105E7D /* PontuadorVulnerabilidadesUITests */ = {
			isa = PBXNativeTarget;
			buildConfigurationList = D9546AB12A228C0500105E7D /* Build configuration list for PBXNativeTarget "PontuadorVulnerabilidadesUITests" */;
			buildPhases = (
				D9546A9D2A228C0500105E7D /* Sources */,
				D9546A9E2A228C0500105E7D /* Frameworks */,
				D9546A9F2A228C0500105E7D /* Resources */,
			);
			buildRules = (
			);
			dependencies = (
				D9546AA32A228C0500105E7D /* PBXTargetDependency */,
			);
			name = PontuadorVulnerabilidadesUITests;
			productName = PontuadorVulnerabilidadesUITests;
			productReference = D9546AA12A228C0500105E7D /* PontuadorVulnerabilidadesUITests.xctest */;
			productType = "com.apple.product-type.bundle.ui-testing";
		};
/* End PBXNativeTarget section */

/* Begin PBXProject section */
		D9546A7E2A228C0400105E7D /* Project object */ = {
			isa = PBXProject;
			attributes = {
				BuildIndependentTargetsInParallel = 1;
				LastSwiftUpdateCheck = 1430;
				LastUpgradeCheck = 1430;
				TargetAttributes = {
					D9546A852A228C0400105E7D = {
						CreatedOnToolsVersion = 14.3;
					};
					D9546A962A228C0500105E7D = {
						CreatedOnToolsVersion = 14.3;
						TestTargetID = D9546A852A228C0400105E7D;
					};
					D9546AA02A228C0500105E7D = {
						CreatedOnToolsVersion = 14.3;
						TestTargetID = D9546A852A228C0400105E7D;
					};
				};
			};
			buildConfigurationList = D9546A812A228C0400105E7D /* Build configuration list for PBXProject "PontuadorVulnerabilidades" */;
			compatibilityVersion = "Xcode 14.0";
			developmentRegion = en;
			hasScannedForEncodings = 0;
			knownRegions = (
				en,
				Base,
			);
			mainGroup = D9546A7D2A228C0400105E7D;
			productRefGroup = D9546A872A228C0400105E7D /* Products */;
			projectDirPath = "";
			projectRoot = "";
			targets = (
				D9546A852A228C0400105E7D /* PontuadorVulnerabilidades */,
				D9546A962A228C0500105E7D /* PontuadorVulnerabilidadesTests */,
				D9546AA02A228C0500105E7D /* PontuadorVulnerabilidadesUITests */,
			);
		};
/* End PBXProject section */

/* Begin PBXResourcesBuildPhase section */
		D9546A842A228C0400105E7D /* Resources */ = {
			isa = PBXResourcesBuildPhase;
			buildActionMask = 2147483647;
			files = (
				D9546A912A228C0500105E7D /* Preview Assets.xcassets in Resources */,
				D9546A8E2A228C0500105E7D /* Assets.xcassets in Resources */,
			);
			runOnlyForDeploymentPostprocessing = 0;
		};
		D9546A952A228C0500105E7D /* Resources */ = {
			isa = PBXResourcesBuildPhase;
			buildActionMask = 2147483647;
			files = (
			);
			runOnlyForDeploymentPostprocessing = 0;
		};
		D9546A9F2A228C0500105E7D /* Resources */ = {
			isa = PBXResourcesBuildPhase;
			buildActionMask = 2147483647;
			files = (
			);
			runOnlyForDeploymentPostprocessing = 0;
		};
/* End PBXResourcesBuildPhase section */

/* Begin PBXSourcesBuildPhase section */
		D9546A822A228C0400105E7D /* Sources */ = {
			isa = PBXSourcesBuildPhase;
			buildActionMask = 2147483647;
			files = (
				D9B1DA432A39157000CA6522 /* String+Extensions.swift in Sources */,
				D9E56DFC2A3B42A0002911F7 /* CPEView.swift in Sources */,
				D94FBF262A2BAE6400347016 /* ScorePickerView.swift in Sources */,
				D99CC71B2A37DB6A00B21144 /* CVEResponse.swift in Sources */,
				D94FBF3E2A2BCB5700347016 /* TemporalScoreView.swift in Sources */,
				D902F15B2A325D6D00A44446 /* TemporalScore.swift in Sources */,
				D9A7AAB42A2B74C40039012E /* CalculatorView.swift in Sources */,
				D9B1DA452A39469300CA6522 /* CalculatorViewModel.swift in Sources */,
				D9546AB82A228D7A00105E7D /* Networking.swift in Sources */,
				D9B1DA4C2A39F7D100CA6522 /* Strings.swift in Sources */,
				D9A7AAB22A2B70160039012E /* CVEInfoView.swift in Sources */,
				D9546A8C2A228C0400105E7D /* MainView.swift in Sources */,
				D94FBF282A2BBB7400347016 /* BaseScore.swift in Sources */,
				D9EF91682A2FF501007982F6 /* CVSSAPIRequest.swift in Sources */,
				D94FBF422A2BCBCA00347016 /* EnvironmentalScoreView.swift in Sources */,
				D9B1DA3E2A38F5DE00CA6522 /* ProcessingView.swift in Sources */,
				D94FBF402A2BCB8000347016 /* BaseScoreView.swift in Sources */,
				D9EF916A2A2FF88E007982F6 /* CVSSAPIResponse.swift in Sources */,
				D902F15D2A32603C00A44446 /* EnvironmentalScore.swift in Sources */,
				D9546A8A2A228C0400105E7D /* PontuadorVulnerabilidadesApp.swift in Sources */,
				D9B1DA402A3913D300CA6522 /* StackedDataView.swift in Sources */,
				D9B1DA4A2A39F58B00CA6522 /* KeychainHelper.swift in Sources */,
				D9B1DA472A39EFAD00CA6522 /* SettingsView.swift in Sources */,
			);
			runOnlyForDeploymentPostprocessing = 0;
		};
		D9546A932A228C0500105E7D /* Sources */ = {
			isa = PBXSourcesBuildPhase;
			buildActionMask = 2147483647;
			files = (
				D9546A9C2A228C0500105E7D /* PontuadorVulnerabilidadesTests.swift in Sources */,
			);
			runOnlyForDeploymentPostprocessing = 0;
		};
		D9546A9D2A228C0500105E7D /* Sources */ = {
			isa = PBXSourcesBuildPhase;
			buildActionMask = 2147483647;
			files = (
				D9546AA62A228C0500105E7D /* PontuadorVulnerabilidadesUITests.swift in Sources */,
				D9546AA82A228C0500105E7D /* PontuadorVulnerabilidadesUITestsLaunchTests.swift in Sources */,
			);
			runOnlyForDeploymentPostprocessing = 0;
		};
/* End PBXSourcesBuildPhase section */

/* Begin PBXTargetDependency section */
		D9546A992A228C0500105E7D /* PBXTargetDependency */ = {
			isa = PBXTargetDependency;
			target = D9546A852A228C0400105E7D /* PontuadorVulnerabilidades */;
			targetProxy = D9546A982A228C0500105E7D /* PBXContainerItemProxy */;
		};
		D9546AA32A228C0500105E7D /* PBXTargetDependency */ = {
			isa = PBXTargetDependency;
			target = D9546A852A228C0400105E7D /* PontuadorVulnerabilidades */;
			targetProxy = D9546AA22A228C0500105E7D /* PBXContainerItemProxy */;
		};
/* End PBXTargetDependency section */

/* Begin XCBuildConfiguration section */
		D9546AA92A228C0500105E7D /* Debug */ = {
			isa = XCBuildConfiguration;
			buildSettings = {
				ALWAYS_SEARCH_USER_PATHS = NO;
				CLANG_ANALYZER_NONNULL = YES;
				CLANG_ANALYZER_NUMBER_OBJECT_CONVERSION = YES_AGGRESSIVE;
				CLANG_CXX_LANGUAGE_STANDARD = "gnu++20";
				CLANG_ENABLE_MODULES = YES;
				CLANG_ENABLE_OBJC_ARC = YES;
				CLANG_ENABLE_OBJC_WEAK = YES;
				CLANG_WARN_BLOCK_CAPTURE_AUTORELEASING = YES;
				CLANG_WARN_BOOL_CONVERSION = YES;
				CLANG_WARN_COMMA = YES;
				CLANG_WARN_CONSTANT_CONVERSION = YES;
				CLANG_WARN_DEPRECATED_OBJC_IMPLEMENTATIONS = YES;
				CLANG_WARN_DIRECT_OBJC_ISA_USAGE = YES_ERROR;
				CLANG_WARN_DOCUMENTATION_COMMENTS = YES;
				CLANG_WARN_EMPTY_BODY = YES;
				CLANG_WARN_ENUM_CONVERSION = YES;
				CLANG_WARN_INFINITE_RECURSION = YES;
				CLANG_WARN_INT_CONVERSION = YES;
				CLANG_WARN_NON_LITERAL_NULL_CONVERSION = YES;
				CLANG_WARN_OBJC_IMPLICIT_RETAIN_SELF = YES;
				CLANG_WARN_OBJC_LITERAL_CONVERSION = YES;
				CLANG_WARN_OBJC_ROOT_CLASS = YES_ERROR;
				CLANG_WARN_QUOTED_INCLUDE_IN_FRAMEWORK_HEADER = YES;
				CLANG_WARN_RANGE_LOOP_ANALYSIS = YES;
				CLANG_WARN_STRICT_PROTOTYPES = YES;
				CLANG_WARN_SUSPICIOUS_MOVE = YES;
				CLANG_WARN_UNGUARDED_AVAILABILITY = YES_AGGRESSIVE;
				CLANG_WARN_UNREACHABLE_CODE = YES;
				CLANG_WARN__DUPLICATE_METHOD_MATCH = YES;
				COPY_PHASE_STRIP = NO;
				DEBUG_INFORMATION_FORMAT = dwarf;
				ENABLE_STRICT_OBJC_MSGSEND = YES;
				ENABLE_TESTABILITY = YES;
				GCC_C_LANGUAGE_STANDARD = gnu11;
				GCC_DYNAMIC_NO_PIC = NO;
				GCC_NO_COMMON_BLOCKS = YES;
				GCC_OPTIMIZATION_LEVEL = 0;
				GCC_PREPROCESSOR_DEFINITIONS = (
					"DEBUG=1",
					"$(inherited)",
				);
				GCC_WARN_64_TO_32_BIT_CONVERSION = YES;
				GCC_WARN_ABOUT_RETURN_TYPE = YES_ERROR;
				GCC_WARN_UNDECLARED_SELECTOR = YES;
				GCC_WARN_UNINITIALIZED_AUTOS = YES_AGGRESSIVE;
				GCC_WARN_UNUSED_FUNCTION = YES;
				GCC_WARN_UNUSED_VARIABLE = YES;
				MACOSX_DEPLOYMENT_TARGET = 12.0;
				MTL_ENABLE_DEBUG_INFO = INCLUDE_SOURCE;
				MTL_FAST_MATH = YES;
				ONLY_ACTIVE_ARCH = YES;
				SDKROOT = macosx;
				SWIFT_ACTIVE_COMPILATION_CONDITIONS = DEBUG;
				SWIFT_OPTIMIZATION_LEVEL = "-Onone";
			};
			name = Debug;
		};
		D9546AAA2A228C0500105E7D /* Release */ = {
			isa = XCBuildConfiguration;
			buildSettings = {
				ALWAYS_SEARCH_USER_PATHS = NO;
				CLANG_ANALYZER_NONNULL = YES;
				CLANG_ANALYZER_NUMBER_OBJECT_CONVERSION = YES_AGGRESSIVE;
				CLANG_CXX_LANGUAGE_STANDARD = "gnu++20";
				CLANG_ENABLE_MODULES = YES;
				CLANG_ENABLE_OBJC_ARC = YES;
				CLANG_ENABLE_OBJC_WEAK = YES;
				CLANG_WARN_BLOCK_CAPTURE_AUTORELEASING = YES;
				CLANG_WARN_BOOL_CONVERSION = YES;
				CLANG_WARN_COMMA = YES;
				CLANG_WARN_CONSTANT_CONVERSION = YES;
				CLANG_WARN_DEPRECATED_OBJC_IMPLEMENTATIONS = YES;
				CLANG_WARN_DIRECT_OBJC_ISA_USAGE = YES_ERROR;
				CLANG_WARN_DOCUMENTATION_COMMENTS = YES;
				CLANG_WARN_EMPTY_BODY = YES;
				CLANG_WARN_ENUM_CONVERSION = YES;
				CLANG_WARN_INFINITE_RECURSION = YES;
				CLANG_WARN_INT_CONVERSION = YES;
				CLANG_WARN_NON_LITERAL_NULL_CONVERSION = YES;
				CLANG_WARN_OBJC_IMPLICIT_RETAIN_SELF = YES;
				CLANG_WARN_OBJC_LITERAL_CONVERSION = YES;
				CLANG_WARN_OBJC_ROOT_CLASS = YES_ERROR;
				CLANG_WARN_QUOTED_INCLUDE_IN_FRAMEWORK_HEADER = YES;
				CLANG_WARN_RANGE_LOOP_ANALYSIS = YES;
				CLANG_WARN_STRICT_PROTOTYPES = YES;
				CLANG_WARN_SUSPICIOUS_MOVE = YES;
				CLANG_WARN_UNGUARDED_AVAILABILITY = YES_AGGRESSIVE;
				CLANG_WARN_UNREACHABLE_CODE = YES;
				CLANG_WARN__DUPLICATE_METHOD_MATCH = YES;
				COPY_PHASE_STRIP = NO;
				DEBUG_INFORMATION_FORMAT = "dwarf-with-dsym";
				ENABLE_NS_ASSERTIONS = NO;
				ENABLE_STRICT_OBJC_MSGSEND = YES;
				GCC_C_LANGUAGE_STANDARD = gnu11;
				GCC_NO_COMMON_BLOCKS = YES;
				GCC_WARN_64_TO_32_BIT_CONVERSION = YES;
				GCC_WARN_ABOUT_RETURN_TYPE = YES_ERROR;
				GCC_WARN_UNDECLARED_SELECTOR = YES;
				GCC_WARN_UNINITIALIZED_AUTOS = YES_AGGRESSIVE;
				GCC_WARN_UNUSED_FUNCTION = YES;
				GCC_WARN_UNUSED_VARIABLE = YES;
				MACOSX_DEPLOYMENT_TARGET = 12.0;
				MTL_ENABLE_DEBUG_INFO = NO;
				MTL_FAST_MATH = YES;
				SDKROOT = macosx;
				SWIFT_COMPILATION_MODE = wholemodule;
				SWIFT_OPTIMIZATION_LEVEL = "-O";
			};
			name = Release;
		};
		D9546AAC2A228C0500105E7D /* Debug */ = {
			isa = XCBuildConfiguration;
			buildSettings = {
				ASSETCATALOG_COMPILER_APPICON_NAME = AppIcon;
				ASSETCATALOG_COMPILER_GLOBAL_ACCENT_COLOR_NAME = AccentColor;
				ASSETCATALOG_COMPILER_INCLUDE_ALL_APPICON_ASSETS = YES;
				CODE_SIGN_ENTITLEMENTS = PontuadorVulnerabilidades/Sources/AppSupport/PontuadorVulnerabilidades.entitlements;
				CODE_SIGN_STYLE = Automatic;
				COMBINE_HIDPI_IMAGES = YES;
				CURRENT_PROJECT_VERSION = 2;
				DEVELOPMENT_ASSET_PATHS = "\"PontuadorVulnerabilidades/Sources/AppSupport/Preview Content\"";
				DEVELOPMENT_TEAM = L8X3H5XA82;
				ENABLE_HARDENED_RUNTIME = YES;
				ENABLE_PREVIEWS = YES;
				GENERATE_INFOPLIST_FILE = YES;
				INFOPLIST_FILE = PontuadorVulnerabilidades/Info.plist;
				INFOPLIST_KEY_CFBundleDisplayName = "Pontuador de Vulnerabilidades - Grupo 7";
				INFOPLIST_KEY_LSApplicationCategoryType = "public.app-category.utilities";
				INFOPLIST_KEY_NSHumanReadableCopyright = "";
				LD_RUNPATH_SEARCH_PATHS = (
					"$(inherited)",
					"@executable_path/../Frameworks",
				);
				MACOSX_DEPLOYMENT_TARGET = 12.0;
				MARKETING_VERSION = 1.0;
				PRODUCT_BUNDLE_IDENTIFIER = com.rafaelschmitt.PontuadorVulnerabilidades;
				PRODUCT_NAME = "Pontuador de Vulnerabilidades";
				SWIFT_EMIT_LOC_STRINGS = YES;
				SWIFT_VERSION = 5.0;
			};
			name = Debug;
		};
		D9546AAD2A228C0500105E7D /* Release */ = {
			isa = XCBuildConfiguration;
			buildSettings = {
				ASSETCATALOG_COMPILER_APPICON_NAME = AppIcon;
				ASSETCATALOG_COMPILER_GLOBAL_ACCENT_COLOR_NAME = AccentColor;
				ASSETCATALOG_COMPILER_INCLUDE_ALL_APPICON_ASSETS = YES;
				CODE_SIGN_ENTITLEMENTS = PontuadorVulnerabilidades/Sources/AppSupport/PontuadorVulnerabilidades.entitlements;
				CODE_SIGN_STYLE = Automatic;
				COMBINE_HIDPI_IMAGES = YES;
				CURRENT_PROJECT_VERSION = 2;
				DEVELOPMENT_ASSET_PATHS = "\"PontuadorVulnerabilidades/Sources/AppSupport/Preview Content\"";
				DEVELOPMENT_TEAM = L8X3H5XA82;
				ENABLE_HARDENED_RUNTIME = YES;
				ENABLE_PREVIEWS = YES;
				GENERATE_INFOPLIST_FILE = YES;
				INFOPLIST_FILE = PontuadorVulnerabilidades/Info.plist;
				INFOPLIST_KEY_CFBundleDisplayName = "Pontuador de Vulnerabilidades - Grupo 7";
				INFOPLIST_KEY_LSApplicationCategoryType = "public.app-category.utilities";
				INFOPLIST_KEY_NSHumanReadableCopyright = "";
				LD_RUNPATH_SEARCH_PATHS = (
					"$(inherited)",
					"@executable_path/../Frameworks",
				);
				MACOSX_DEPLOYMENT_TARGET = 12.0;
				MARKETING_VERSION = 1.0;
				PRODUCT_BUNDLE_IDENTIFIER = com.rafaelschmitt.PontuadorVulnerabilidades;
				PRODUCT_NAME = "Pontuador de Vulnerabilidades";
				SWIFT_EMIT_LOC_STRINGS = YES;
				SWIFT_VERSION = 5.0;
			};
			name = Release;
		};
		D9546AAF2A228C0500105E7D /* Debug */ = {
			isa = XCBuildConfiguration;
			buildSettings = {
				ALWAYS_EMBED_SWIFT_STANDARD_LIBRARIES = YES;
				BUNDLE_LOADER = "$(TEST_HOST)";
				CODE_SIGN_STYLE = Automatic;
				CURRENT_PROJECT_VERSION = 1;
				DEVELOPMENT_TEAM = 452K36768R;
				GENERATE_INFOPLIST_FILE = YES;
				MACOSX_DEPLOYMENT_TARGET = 13.3;
				MARKETING_VERSION = 1.0;
				PRODUCT_BUNDLE_IDENTIFIER = com.rafaelschmitt.PontuadorVulnerabilidadesTests;
				PRODUCT_NAME = "$(TARGET_NAME)";
				SWIFT_EMIT_LOC_STRINGS = NO;
				SWIFT_VERSION = 5.0;
				TEST_HOST = "$(BUILT_PRODUCTS_DIR)/PontuadorVulnerabilidades.app/$(BUNDLE_EXECUTABLE_FOLDER_PATH)/PontuadorVulnerabilidades";
			};
			name = Debug;
		};
		D9546AB02A228C0500105E7D /* Release */ = {
			isa = XCBuildConfiguration;
			buildSettings = {
				ALWAYS_EMBED_SWIFT_STANDARD_LIBRARIES = YES;
				BUNDLE_LOADER = "$(TEST_HOST)";
				CODE_SIGN_STYLE = Automatic;
				CURRENT_PROJECT_VERSION = 1;
				DEVELOPMENT_TEAM = 452K36768R;
				GENERATE_INFOPLIST_FILE = YES;
				MACOSX_DEPLOYMENT_TARGET = 13.3;
				MARKETING_VERSION = 1.0;
				PRODUCT_BUNDLE_IDENTIFIER = com.rafaelschmitt.PontuadorVulnerabilidadesTests;
				PRODUCT_NAME = "$(TARGET_NAME)";
				SWIFT_EMIT_LOC_STRINGS = NO;
				SWIFT_VERSION = 5.0;
				TEST_HOST = "$(BUILT_PRODUCTS_DIR)/PontuadorVulnerabilidades.app/$(BUNDLE_EXECUTABLE_FOLDER_PATH)/PontuadorVulnerabilidades";
			};
			name = Release;
		};
		D9546AB22A228C0500105E7D /* Debug */ = {
			isa = XCBuildConfiguration;
			buildSettings = {
				ALWAYS_EMBED_SWIFT_STANDARD_LIBRARIES = YES;
				CODE_SIGN_STYLE = Automatic;
				CURRENT_PROJECT_VERSION = 1;
				DEVELOPMENT_TEAM = 452K36768R;
				GENERATE_INFOPLIST_FILE = YES;
				MARKETING_VERSION = 1.0;
				PRODUCT_BUNDLE_IDENTIFIER = com.rafaelschmitt.PontuadorVulnerabilidadesUITests;
				PRODUCT_NAME = "$(TARGET_NAME)";
				SWIFT_EMIT_LOC_STRINGS = NO;
				SWIFT_VERSION = 5.0;
				TEST_TARGET_NAME = PontuadorVulnerabilidades;
			};
			name = Debug;
		};
		D9546AB32A228C0500105E7D /* Release */ = {
			isa = XCBuildConfiguration;
			buildSettings = {
				ALWAYS_EMBED_SWIFT_STANDARD_LIBRARIES = YES;
				CODE_SIGN_STYLE = Automatic;
				CURRENT_PROJECT_VERSION = 1;
				DEVELOPMENT_TEAM = 452K36768R;
				GENERATE_INFOPLIST_FILE = YES;
				MARKETING_VERSION = 1.0;
				PRODUCT_BUNDLE_IDENTIFIER = com.rafaelschmitt.PontuadorVulnerabilidadesUITests;
				PRODUCT_NAME = "$(TARGET_NAME)";
				SWIFT_EMIT_LOC_STRINGS = NO;
				SWIFT_VERSION = 5.0;
				TEST_TARGET_NAME = PontuadorVulnerabilidades;
			};
			name = Release;
		};
/* End XCBuildConfiguration section */

/* Begin XCConfigurationList section */
		D9546A812A228C0400105E7D /* Build configuration list for PBXProject "PontuadorVulnerabilidades" */ = {
			isa = XCConfigurationList;
			buildConfigurations = (
				D9546AA92A228C0500105E7D /* Debug */,
				D9546AAA2A228C0500105E7D /* Release */,
			);
			defaultConfigurationIsVisible = 0;
			defaultConfigurationName = Release;
		};
		D9546AAB2A228C0500105E7D /* Build configuration list for PBXNativeTarget "PontuadorVulnerabilidades" */ = {
			isa = XCConfigurationList;
			buildConfigurations = (
				D9546AAC2A228C0500105E7D /* Debug */,
				D9546AAD2A228C0500105E7D /* Release */,
			);
			defaultConfigurationIsVisible = 0;
			defaultConfigurationName = Release;
		};
		D9546AAE2A228C0500105E7D /* Build configuration list for PBXNativeTarget "PontuadorVulnerabilidadesTests" */ = {
			isa = XCConfigurationList;
			buildConfigurations = (
				D9546AAF2A228C0500105E7D /* Debug */,
				D9546AB02A228C0500105E7D /* Release */,
			);
			defaultConfigurationIsVisible = 0;
			defaultConfigurationName = Release;
		};
		D9546AB12A228C0500105E7D /* Build configuration list for PBXNativeTarget "PontuadorVulnerabilidadesUITests" */ = {
			isa = XCConfigurationList;
			buildConfigurations = (
				D9546AB22A228C0500105E7D /* Debug */,
				D9546AB32A228C0500105E7D /* Release */,
			);
			defaultConfigurationIsVisible = 0;
			defaultConfigurationName = Release;
		};
/* End XCConfigurationList section */
	};
	rootObject = D9546A7E2A228C0400105E7D /* Project object */;
}
